
Microsoft Visual Studio Solution File, Format Version 12.00
# Visual Studio 15
VisualStudioVersion = 15.0.28010.2036
MinimumVisualStudioVersion = 10.0.40219.1
Project("{FAE04EC0-301F-11D3-BF4B-00C04F79EFBC}") = "NASA_API_PHOTOSHOTS", "NASA_API_PHOTOSHOTS\NASA_API_PHOTOSHOTS.csproj", "{F2A45C59-C97D-4A3C-8DFC-F6CD8A2AC950}"
EndProject
Project("{FAE04EC0-301F-11D3-BF4B-00C04F79EFBC}") = "API_Conection_Layer", "API_Conection_Layer\API_Conection_Layer.csproj", "{C03C8097-2F9C-4267-A3D2-F2E9BDBFE1C7}"
EndProject
Global
	GlobalSection(SolutionConfigurationPlatforms) = preSolution
		Debug|Any CPU = Debug|Any CPU
		Release|Any CPU = Release|Any CPU
	EndGlobalSection
	GlobalSection(ProjectConfigurationPlatforms) = postSolution
		{F2A45C59-C97D-4A3C-8DFC-F6CD8A2AC950}.Debug|Any CPU.ActiveCfg = Debug|Any CPU
		{F2A45C59-C97D-4A3C-8DFC-F6CD8A2AC950}.Debug|Any CPU.Build.0 = Debug|Any CPU
		{F2A45C59-C97D-4A3C-8DFC-F6CD8A2AC950}.Release|Any CPU.ActiveCfg = Release|Any CPU
		{F2A45C59-C97D-4A3C-8DFC-F6CD8A2AC950}.Release|Any CPU.Build.0 = Release|Any CPU
		{C03C8097-2F9C-4267-A3D2-F2E9BDBFE1C7}.Debug|Any CPU.ActiveCfg = Debug|Any CPU
		{C03C8097-2F9C-4267-A3D2-F2E9BDBFE1C7}.Debug|Any CPU.Build.0 = Debug|Any CPU
		{C03C8097-2F9C-4267-A3D2-F2E9BDBFE1C7}.Release|Any CPU.ActiveCfg = Release|Any CPU
		{C03C8097-2F9C-4267-A3D2-F2E9BDBFE1C7}.Release|Any CPU.Build.0 = Release|Any CPU
	EndGlobalSection
	GlobalSection(SolutionProperties) = preSolution
		HideSolutionNode = FALSE
	EndGlobalSection
	GlobalSection(ExtensibilityGlobals) = postSolution
		SolutionGuid = {546DA210-D40A-4B9F-9057-CE474FEF6313}
	EndGlobalSection
EndGlobal
